
Microsoft Visual Studio Solution File, Format Version 12.00
# Visual Studio Version 17
VisualStudioVersion = 17.10.34928.147
MinimumVisualStudioVersion = 10.0.40219.1
Project("{F184B08F-C81C-45F6-A57F-5ABD9991F28F}") = "Projeto Locadora", "Projeto Locadora.vbproj", "{6FB93766-862C-4159-A1CD-7CA064794552}"
EndProject
Global
	GlobalSection(SolutionConfigurationPlatforms) = preSolution
		Debug|Any CPU = Debug|Any CPU
		Release|Any CPU = Release|Any CPU
	EndGlobalSection
	GlobalSection(ProjectConfigurationPlatforms) = postSolution
		{6FB93766-862C-4159-A1CD-7CA064794552}.Debug|Any CPU.ActiveCfg = Debug|Any CPU
		{6FB93766-862C-4159-A1CD-7CA064794552}.Debug|Any CPU.Build.0 = Debug|Any CPU
		{6FB93766-862C-4159-A1CD-7CA064794552}.Release|Any CPU.ActiveCfg = Release|Any CPU
		{6FB93766-862C-4159-A1CD-7CA064794552}.Release|Any CPU.Build.0 = Release|Any CPU
	EndGlobalSection
	GlobalSection(SolutionProperties) = preSolution
		HideSolutionNode = FALSE
	EndGlobalSection
	GlobalSection(ExtensibilityGlobals) = postSolution
		SolutionGuid = {6B67A44F-9439-4FA9-9BA1-33C0B2FBE5AE}
	EndGlobalSection
EndGlobal
